
Microsoft Visual Studio Solution File, Format Version 12.00
# Visual Studio Version 17
VisualStudioVersion = 17.14.36518.9 d17.14
MinimumVisualStudioVersion = 10.0.40219.1
Project("{FAE04EC0-301F-11D3-BF4B-00C04F79EFBC}") = "pt4", "pt4\pt4.csproj", "{ADEF5DA6-896F-49E9-A3AE-A00C0BA3620B}"
EndProject
Global
	GlobalSection(SolutionConfigurationPlatforms) = preSolution
		Debug|Any CPU = Debug|Any CPU
		Release|Any CPU = Release|Any CPU
	EndGlobalSection
	GlobalSection(ProjectConfigurationPlatforms) = postSolution
		{ADEF5DA6-896F-49E9-A3AE-A00C0BA3620B}.Debug|Any CPU.ActiveCfg = Debug|Any CPU
		{ADEF5DA6-896F-49E9-A3AE-A00C0BA3620B}.Debug|Any CPU.Build.0 = Debug|Any CPU
		{ADEF5DA6-896F-49E9-A3AE-A00C0BA3620B}.Release|Any CPU.ActiveCfg = Release|Any CPU
		{ADEF5DA6-896F-49E9-A3AE-A00C0BA3620B}.Release|Any CPU.Build.0 = Release|Any CPU
	EndGlobalSection
	GlobalSection(SolutionProperties) = preSolution
		HideSolutionNode = FALSE
	EndGlobalSection
	GlobalSection(ExtensibilityGlobals) = postSolution
		SolutionGuid = {C68557C8-EA60-44BA-AD1B-AA97EF023FA4}
	EndGlobalSection
EndGlobal
